
Microsoft Visual Studio Solution File, Format Version 12.00
# Visual Studio Version 16
VisualStudioVersion = 16.0.29728.190
MinimumVisualStudioVersion = 10.0.40219.1
Project("{FAE04EC0-301F-11D3-BF4B-00C04F79EFBC}") = "Kalkulator2", "Kalkulator2.csproj", "{82558FC4-C553-48FB-BA0D-424515BFA441}"
EndProject
Global
	GlobalSection(SolutionConfigurationPlatforms) = preSolution
		Debug|Any CPU = Debug|Any CPU
		Release|Any CPU = Release|Any CPU
	EndGlobalSection
	GlobalSection(ProjectConfigurationPlatforms) = postSolution
		{82558FC4-C553-48FB-BA0D-424515BFA441}.Debug|Any CPU.ActiveCfg = Debug|Any CPU
		{82558FC4-C553-48FB-BA0D-424515BFA441}.Debug|Any CPU.Build.0 = Debug|Any CPU
		{82558FC4-C553-48FB-BA0D-424515BFA441}.Release|Any CPU.ActiveCfg = Release|Any CPU
		{82558FC4-C553-48FB-BA0D-424515BFA441}.Release|Any CPU.Build.0 = Release|Any CPU
	EndGlobalSection
	GlobalSection(SolutionProperties) = preSolution
		HideSolutionNode = FALSE
	EndGlobalSection
	GlobalSection(ExtensibilityGlobals) = postSolution
		SolutionGuid = {F3C8C0AC-30F0-4C6F-A090-E43A3D0F887B}
	EndGlobalSection
EndGlobal
